
Microsoft Visual Studio Solution File, Format Version 12.00
# Visual Studio Version 17
VisualStudioVersion = 17.2.32616.157
MinimumVisualStudioVersion = 10.0.40219.1
Project("{9A19103F-16F7-4668-BE54-9A1E7A4F7556}") = "HelloWorld", "HelloWorld\HelloWorld.csproj", "{88E49D26-A185-4D5D-8631-D023A81A5438}"
EndProject
Project("{FAE04EC0-301F-11D3-BF4B-00C04F79EFBC}") = "MathOperators", "MathOperators\MathOperators.csproj", "{C29F3679-C9D3-426E-899E-8310735859CA}"
EndProject
Global
	GlobalSection(SolutionConfigurationPlatforms) = preSolution
		Debug|Any CPU = Debug|Any CPU
		Release|Any CPU = Release|Any CPU
	EndGlobalSection
	GlobalSection(ProjectConfigurationPlatforms) = postSolution
		{88E49D26-A185-4D5D-8631-D023A81A5438}.Debug|Any CPU.ActiveCfg = Debug|Any CPU
		{88E49D26-A185-4D5D-8631-D023A81A5438}.Debug|Any CPU.Build.0 = Debug|Any CPU
		{88E49D26-A185-4D5D-8631-D023A81A5438}.Release|Any CPU.ActiveCfg = Release|Any CPU
		{88E49D26-A185-4D5D-8631-D023A81A5438}.Release|Any CPU.Build.0 = Release|Any CPU
		{C29F3679-C9D3-426E-899E-8310735859CA}.Debug|Any CPU.ActiveCfg = Debug|Any CPU
		{C29F3679-C9D3-426E-899E-8310735859CA}.Debug|Any CPU.Build.0 = Debug|Any CPU
		{C29F3679-C9D3-426E-899E-8310735859CA}.Release|Any CPU.ActiveCfg = Release|Any CPU
		{C29F3679-C9D3-426E-899E-8310735859CA}.Release|Any CPU.Build.0 = Release|Any CPU
	EndGlobalSection
	GlobalSection(SolutionProperties) = preSolution
		HideSolutionNode = FALSE
	EndGlobalSection
	GlobalSection(ExtensibilityGlobals) = postSolution
		SolutionGuid = {D16BCCFE-5F73-426C-9583-E7C3CF67400A}
	EndGlobalSection
EndGlobal
